# This file is automatically @generated by Poetry 1.5.1 and should not be changed by hand.

[[package]]
name = "binutils"
version = "0.3.dev1"
description = "Python Binary Tools"
optional = false
python-versions = ">=3.8"
files = [
    {file = "binutils-0.3.dev1-py3-none-any.whl", hash = "sha256:86a61c9f7bd0a43351d95055acc9e6073d2a4191951a26eddbd00685b784a3a2"},
    {file = "binutils-0.3.dev1.tar.gz", hash = "sha256:e8f387fb1e582f354897720aa27546ba418031d35df1746dce57dcb62b4a62cc"},
]

[metadata]
lock-version = "2.0"
python-versions = ">=3.10.0,<3.11"
content-hash = "ae2d1a0912d0be94fd5d74fbb7b643cad50127a800b1aaff7104cc53352bc997"
